// !$*UTF8*$!
{
	archiveVersion = 1;
	classes = {
	};
	objectVersion = 48;
	objects = {

/* Begin PBXBuildFile section */
		9DD24F702023853D00C35E78 /* AppDelegate.swift in Sources */ = {isa = PBXBuildFile; fileRef = 9DD24F6F2023853D00C35E78 /* AppDelegate.swift */; };
		9DD24F722023853D00C35E78 /* GameScene.sks in Resources */ = {isa = PBXBuildFile; fileRef = 9DD24F712023853D00C35E78 /* GameScene.sks */; };
		9DD24F742023853D00C35E78 /* Actions.sks in Resources */ = {isa = PBXBuildFile; fileRef = 9DD24F732023853D00C35E78 /* Actions.sks */; };
		9DD24F762023853D00C35E78 /* GameScene.swift in Sources */ = {isa = PBXBuildFile; fileRef = 9DD24F752023853D00C35E78 /* GameScene.swift */; };
		9DD24F782023853D00C35E78 /* GameViewController.swift in Sources */ = {isa = PBXBuildFile; fileRef = 9DD24F772023853D00C35E78 /* GameViewController.swift */; };
		9DD24F7B2023853D00C35E78 /* Main.storyboard in Resources */ = {isa = PBXBuildFile; fileRef = 9DD24F792023853D00C35E78 /* Main.storyboard */; };
		9DD24F7D2023853D00C35E78 /* Assets.xcassets in Resources */ = {isa = PBXBuildFile; fileRef = 9DD24F7C2023853D00C35E78 /* Assets.xcassets */; };
		9DD24F802023853D00C35E78 /* LaunchScreen.storyboard in Resources */ = {isa = PBXBuildFile; fileRef = 9DD24F7E2023853D00C35E78 /* LaunchScreen.storyboard */; };
		9DD24F882023A79100C35E78 /* LocalSetupViewController.swift in Sources */ = {isa = PBXBuildFile; fileRef = 9DD24F872023A79100C35E78 /* LocalSetupViewController.swift */; };
		9DD24F8B2023A8B000C35E78 /* BaseViewController.swift in Sources */ = {isa = PBXBuildFile; fileRef = 9DD24F8A2023A8B000C35E78 /* BaseViewController.swift */; };
/* End PBXBuildFile section */

/* Begin PBXFileReference section */
		9DD24F6C2023853D00C35E78 /* ConnectITIOS.app */ = {isa = PBXFileReference; explicitFileType = wrapper.application; includeInIndex = 0; path = ConnectITIOS.app; sourceTree = BUILT_PRODUCTS_DIR; };
		9DD24F6F2023853D00C35E78 /* AppDelegate.swift */ = {isa = PBXFileReference; lastKnownFileType = sourcecode.swift; path = AppDelegate.swift; sourceTree = "<group>"; };
		9DD24F712023853D00C35E78 /* GameScene.sks */ = {isa = PBXFileReference; lastKnownFileType = file.sks; path = GameScene.sks; sourceTree = "<group>"; };
		9DD24F732023853D00C35E78 /* Actions.sks */ = {isa = PBXFileReference; lastKnownFileType = file.sks; path = Actions.sks; sourceTree = "<group>"; };
		9DD24F752023853D00C35E78 /* GameScene.swift */ = {isa = PBXFileReference; lastKnownFileType = sourcecode.swift; path = GameScene.swift; sourceTree = "<group>"; };
		9DD24F772023853D00C35E78 /* GameViewController.swift */ = {isa = PBXFileReference; lastKnownFileType = sourcecode.swift; path = GameViewController.swift; sourceTree = "<group>"; };
		9DD24F7A2023853D00C35E78 /* Base */ = {isa = PBXFileReference; lastKnownFileType = file.storyboard; name = Base; path = Base.lproj/Main.storyboard; sourceTree = "<group>"; };
		9DD24F7C2023853D00C35E78 /* Assets.xcassets */ = {isa = PBXFileReference; lastKnownFileType = folder.assetcatalog; path = Assets.xcassets; sourceTree = "<group>"; };
		9DD24F7F2023853D00C35E78 /* Base */ = {isa = PBXFileReference; lastKnownFileType = file.storyboard; name = Base; path = Base.lproj/LaunchScreen.storyboard; sourceTree = "<group>"; };
		9DD24F812023853D00C35E78 /* Info.plist */ = {isa = PBXFileReference; lastKnownFileType = text.plist.xml; path = Info.plist; sourceTree = "<group>"; };
		9DD24F872023A79100C35E78 /* LocalSetupViewController.swift */ = {isa = PBXFileReference; lastKnownFileType = sourcecode.swift; path = LocalSetupViewController.swift; sourceTree = "<group>"; };
		9DD24F8A2023A8B000C35E78 /* BaseViewController.swift */ = {isa = PBXFileReference; lastKnownFileType = sourcecode.swift; path = BaseViewController.swift; sourceTree = "<group>"; };
/* End PBXFileReference section */

/* Begin PBXFrameworksBuildPhase section */
		9DD24F692023853D00C35E78 /* Frameworks */ = {
			isa = PBXFrameworksBuildPhase;
			buildActionMask = 2147483647;
			files = (
			);
			runOnlyForDeploymentPostprocessing = 0;
		};
/* End PBXFrameworksBuildPhase section */

/* Begin PBXGroup section */
		9DD24F632023853D00C35E78 = {
			isa = PBXGroup;
			children = (
				9DD24F6E2023853D00C35E78 /* ConnectITIOS */,
				9DD24F6D2023853D00C35E78 /* Products */,
			);
			sourceTree = "<group>";
		};
		9DD24F6D2023853D00C35E78 /* Products */ = {
			isa = PBXGroup;
			children = (
				9DD24F6C2023853D00C35E78 /* ConnectITIOS.app */,
			);
			name = Products;
			sourceTree = "<group>";
		};
		9DD24F6E2023853D00C35E78 /* ConnectITIOS */ = {
			isa = PBXGroup;
			children = (
				9DD24F892023A79900C35E78 /* LocalPlay */,
				9DD24F6F2023853D00C35E78 /* AppDelegate.swift */,
				9DD24F712023853D00C35E78 /* GameScene.sks */,
				9DD24F732023853D00C35E78 /* Actions.sks */,
				9DD24F752023853D00C35E78 /* GameScene.swift */,
				9DD24F772023853D00C35E78 /* GameViewController.swift */,
				9DD24F792023853D00C35E78 /* Main.storyboard */,
				9DD24F7C2023853D00C35E78 /* Assets.xcassets */,
				9DD24F7E2023853D00C35E78 /* LaunchScreen.storyboard */,
				9DD24F812023853D00C35E78 /* Info.plist */,
				9DD24F8A2023A8B000C35E78 /* BaseViewController.swift */,
			);
			path = ConnectITIOS;
			sourceTree = "<group>";
		};
		9DD24F892023A79900C35E78 /* LocalPlay */ = {
			isa = PBXGroup;
			children = (
				9DD24F872023A79100C35E78 /* LocalSetupViewController.swift */,
			);
			path = LocalPlay;
			sourceTree = "<group>";
		};
/* End PBXGroup section */

/* Begin PBXNativeTarget section */
		9DD24F6B2023853D00C35E78 /* ConnectITIOS */ = {
			isa = PBXNativeTarget;
			buildConfigurationList = 9DD24F842023853D00C35E78 /* Build configuration list for PBXNativeTarget "ConnectITIOS" */;
			buildPhases = (
				9DD24F682023853D00C35E78 /* Sources */,
				9DD24F692023853D00C35E78 /* Frameworks */,
				9DD24F6A2023853D00C35E78 /* Resources */,
			);
			buildRules = (
			);
			dependencies = (
			);
			name = ConnectITIOS;
			productName = ConnectITIOS;
			productReference = 9DD24F6C2023853D00C35E78 /* ConnectITIOS.app */;
			productType = "com.apple.product-type.application";
		};
/* End PBXNativeTarget section */

/* Begin PBXProject section */
		9DD24F642023853D00C35E78 /* Project object */ = {
			isa = PBXProject;
			attributes = {
				LastSwiftUpdateCheck = 0920;
				LastUpgradeCheck = 0920;
				ORGANIZATIONNAME = ConnectIT;
				TargetAttributes = {
					9DD24F6B2023853D00C35E78 = {
						CreatedOnToolsVersion = 9.2;
						ProvisioningStyle = Automatic;
					};
				};
			};
			buildConfigurationList = 9DD24F672023853D00C35E78 /* Build configuration list for PBXProject "ConnectITIOS" */;
			compatibilityVersion = "Xcode 8.0";
			developmentRegion = en;
			hasScannedForEncodings = 0;
			knownRegions = (
				en,
				Base,
			);
			mainGroup = 9DD24F632023853D00C35E78;
			productRefGroup = 9DD24F6D2023853D00C35E78 /* Products */;
			projectDirPath = "";
			projectRoot = "";
			targets = (
				9DD24F6B2023853D00C35E78 /* ConnectITIOS */,
			);
		};
/* End PBXProject section */

/* Begin PBXResourcesBuildPhase section */
		9DD24F6A2023853D00C35E78 /* Resources */ = {
			isa = PBXResourcesBuildPhase;
			buildActionMask = 2147483647;
			files = (
				9DD24F7B2023853D00C35E78 /* Main.storyboard in Resources */,
				9DD24F722023853D00C35E78 /* GameScene.sks in Resources */,
				9DD24F7D2023853D00C35E78 /* Assets.xcassets in Resources */,
				9DD24F802023853D00C35E78 /* LaunchScreen.storyboard in Resources */,
				9DD24F742023853D00C35E78 /* Actions.sks in Resources */,
			);
			runOnlyForDeploymentPostprocessing = 0;
		};
/* End PBXResourcesBuildPhase section */

/* Begin PBXSourcesBuildPhase section */
		9DD24F682023853D00C35E78 /* Sources */ = {
			isa = PBXSourcesBuildPhase;
			buildActionMask = 2147483647;
			files = (
				9DD24F8B2023A8B000C35E78 /* BaseViewController.swift in Sources */,
				9DD24F882023A79100C35E78 /* LocalSetupViewController.swift in Sources */,
				9DD24F762023853D00C35E78 /* GameScene.swift in Sources */,
				9DD24F782023853D00C35E78 /* GameViewController.swift in Sources */,
				9DD24F702023853D00C35E78 /* AppDelegate.swift in Sources */,
			);
			runOnlyForDeploymentPostprocessing = 0;
		};
/* End PBXSourcesBuildPhase section */

/* Begin PBXVariantGroup section */
		9DD24F792023853D00C35E78 /* Main.storyboard */ = {
			isa = PBXVariantGroup;
			children = (
				9DD24F7A2023853D00C35E78 /* Base */,
			);
			name = Main.storyboard;
			sourceTree = "<group>";
		};
		9DD24F7E2023853D00C35E78 /* LaunchScreen.storyboard */ = {
			isa = PBXVariantGroup;
			children = (
				9DD24F7F2023853D00C35E78 /* Base */,
			);
			name = LaunchScreen.storyboard;
			sourceTree = "<group>";
		};
/* End PBXVariantGroup section */

/* Begin XCBuildConfiguration section */
		9DD24F822023853D00C35E78 /* Debug */ = {
			isa = XCBuildConfiguration;
			buildSettings = {
				ALWAYS_SEARCH_USER_PATHS = NO;
				CLANG_ANALYZER_NONNULL = YES;
				CLANG_ANALYZER_NUMBER_OBJECT_CONVERSION = YES_AGGRESSIVE;
				CLANG_CXX_LANGUAGE_STANDARD = "gnu++14";
				CLANG_CXX_LIBRARY = "libc++";
				CLANG_ENABLE_MODULES = YES;
				CLANG_ENABLE_OBJC_ARC = YES;
				CLANG_WARN_BLOCK_CAPTURE_AUTORELEASING = YES;
				CLANG_WARN_BOOL_CONVERSION = YES;
				CLANG_WARN_COMMA = YES;
				CLANG_WARN_CONSTANT_CONVERSION = YES;
				CLANG_WARN_DIRECT_OBJC_ISA_USAGE = YES_ERROR;
				CLANG_WARN_DOCUMENTATION_COMMENTS = YES;
				CLANG_WARN_EMPTY_BODY = YES;
				CLANG_WARN_ENUM_CONVERSION = YES;
				CLANG_WARN_INFINITE_RECURSION = YES;
				CLANG_WARN_INT_CONVERSION = YES;
				CLANG_WARN_NON_LITERAL_NULL_CONVERSION = YES;
				CLANG_WARN_OBJC_LITERAL_CONVERSION = YES;
				CLANG_WARN_OBJC_ROOT_CLASS = YES_ERROR;
				CLANG_WARN_RANGE_LOOP_ANALYSIS = YES;
				CLANG_WARN_STRICT_PROTOTYPES = YES;
				CLANG_WARN_SUSPICIOUS_MOVE = YES;
				CLANG_WARN_UNGUARDED_AVAILABILITY = YES_AGGRESSIVE;
				CLANG_WARN_UNREACHABLE_CODE = YES;
				CLANG_WARN__DUPLICATE_METHOD_MATCH = YES;
				CODE_SIGN_IDENTITY = "iPhone Developer";
				COPY_PHASE_STRIP = NO;
				DEBUG_INFORMATION_FORMAT = dwarf;
				ENABLE_STRICT_OBJC_MSGSEND = YES;
				ENABLE_TESTABILITY = YES;
				GCC_C_LANGUAGE_STANDARD = gnu11;
				GCC_DYNAMIC_NO_PIC = NO;
				GCC_NO_COMMON_BLOCKS = YES;
				GCC_OPTIMIZATION_LEVEL = 0;
				GCC_PREPROCESSOR_DEFINITIONS = (
					"DEBUG=1",
					"$(inherited)",
				);
				GCC_WARN_64_TO_32_BIT_CONVERSION = YES;
				GCC_WARN_ABOUT_RETURN_TYPE = YES_ERROR;
				GCC_WARN_UNDECLARED_SELECTOR = YES;
				GCC_WARN_UNINITIALIZED_AUTOS = YES_AGGRESSIVE;
				GCC_WARN_UNUSED_FUNCTION = YES;
				GCC_WARN_UNUSED_VARIABLE = YES;
				IPHONEOS_DEPLOYMENT_TARGET = 11.2;
				MTL_ENABLE_DEBUG_INFO = YES;
				ONLY_ACTIVE_ARCH = YES;
				SDKROOT = iphoneos;
				SWIFT_ACTIVE_COMPILATION_CONDITIONS = DEBUG;
				SWIFT_OPTIMIZATION_LEVEL = "-Onone";
			};
			name = Debug;
		};
		9DD24F832023853D00C35E78 /* Release */ = {
			isa = XCBuildConfiguration;
			buildSettings = {
				ALWAYS_SEARCH_USER_PATHS = NO;
				CLANG_ANALYZER_NONNULL = YES;
				CLANG_ANALYZER_NUMBER_OBJECT_CONVERSION = YES_AGGRESSIVE;
				CLANG_CXX_LANGUAGE_STANDARD = "gnu++14";
				CLANG_CXX_LIBRARY = "libc++";
				CLANG_ENABLE_MODULES = YES;
				CLANG_ENABLE_OBJC_ARC = YES;
				CLANG_WARN_BLOCK_CAPTURE_AUTORELEASING = YES;
				CLANG_WARN_BOOL_CONVERSION = YES;
				CLANG_WARN_COMMA = YES;
				CLANG_WARN_CONSTANT_CONVERSION = YES;
				CLANG_WARN_DIRECT_OBJC_ISA_USAGE = YES_ERROR;
				CLANG_WARN_DOCUMENTATION_COMMENTS = YES;
				CLANG_WARN_EMPTY_BODY = YES;
				CLANG_WARN_ENUM_CONVERSION = YES;
				CLANG_WARN_INFINITE_RECURSION = YES;
				CLANG_WARN_INT_CONVERSION = YES;
				CLANG_WARN_NON_LITERAL_NULL_CONVERSION = YES;
				CLANG_WARN_OBJC_LITERAL_CONVERSION = YES;
				CLANG_WARN_OBJC_ROOT_CLASS = YES_ERROR;
				CLANG_WARN_RANGE_LOOP_ANALYSIS = YES;
				CLANG_WARN_STRICT_PROTOTYPES = YES;
				CLANG_WARN_SUSPICIOUS_MOVE = YES;
				CLANG_WARN_UNGUARDED_AVAILABILITY = YES_AGGRESSIVE;
				CLANG_WARN_UNREACHABLE_CODE = YES;
				CLANG_WARN__DUPLICATE_METHOD_MATCH = YES;
				CODE_SIGN_IDENTITY = "iPhone Developer";
				COPY_PHASE_STRIP = NO;
				DEBUG_INFORMATION_FORMAT = "dwarf-with-dsym";
				ENABLE_NS_ASSERTIONS = NO;
				ENABLE_STRICT_OBJC_MSGSEND = YES;
				GCC_C_LANGUAGE_STANDARD = gnu11;
				GCC_NO_COMMON_BLOCKS = YES;
				GCC_WARN_64_TO_32_BIT_CONVERSION = YES;
				GCC_WARN_ABOUT_RETURN_TYPE = YES_ERROR;
				GCC_WARN_UNDECLARED_SELECTOR = YES;
				GCC_WARN_UNINITIALIZED_AUTOS = YES_AGGRESSIVE;
				GCC_WARN_UNUSED_FUNCTION = YES;
				GCC_WARN_UNUSED_VARIABLE = YES;
				IPHONEOS_DEPLOYMENT_TARGET = 11.2;
				MTL_ENABLE_DEBUG_INFO = NO;
				SDKROOT = iphoneos;
				SWIFT_OPTIMIZATION_LEVEL = "-Owholemodule";
				VALIDATE_PRODUCT = YES;
			};
			name = Release;
		};
		9DD24F852023853D00C35E78 /* Debug */ = {
			isa = XCBuildConfiguration;
			buildSettings = {
				ASSETCATALOG_COMPILER_APPICON_NAME = AppIcon;
				CODE_SIGN_STYLE = Automatic;
				DEVELOPMENT_TEAM = GNTMNU45P5;
				INFOPLIST_FILE = ConnectITIOS/Info.plist;
				IPHONEOS_DEPLOYMENT_TARGET = 10.2;
				LD_RUNPATH_SEARCH_PATHS = "$(inherited) @executable_path/Frameworks";
				PRODUCT_BUNDLE_IDENTIFIER = com.ConnectIT.ConnectITIOS;
				PRODUCT_NAME = "$(TARGET_NAME)";
				SWIFT_VERSION = 4.0;
				TARGETED_DEVICE_FAMILY = "1,2";
			};
			name = Debug;
		};
		9DD24F862023853D00C35E78 /* Release */ = {
			isa = XCBuildConfiguration;
			buildSettings = {
				ASSETCATALOG_COMPILER_APPICON_NAME = AppIcon;
				CODE_SIGN_STYLE = Automatic;
				DEVELOPMENT_TEAM = GNTMNU45P5;
				INFOPLIST_FILE = ConnectITIOS/Info.plist;
				IPHONEOS_DEPLOYMENT_TARGET = 10.2;
				LD_RUNPATH_SEARCH_PATHS = "$(inherited) @executable_path/Frameworks";
				PRODUCT_BUNDLE_IDENTIFIER = com.ConnectIT.ConnectITIOS;
				PRODUCT_NAME = "$(TARGET_NAME)";
				SWIFT_VERSION = 4.0;
				TARGETED_DEVICE_FAMILY = "1,2";
			};
			name = Release;
		};
/* End XCBuildConfiguration section */

/* Begin XCConfigurationList section */
		9DD24F672023853D00C35E78 /* Build configuration list for PBXProject "ConnectITIOS" */ = {
			isa = XCConfigurationList;
			buildConfigurations = (
				9DD24F822023853D00C35E78 /* Debug */,
				9DD24F832023853D00C35E78 /* Release */,
			);
			defaultConfigurationIsVisible = 0;
			defaultConfigurationName = Release;
		};
		9DD24F842023853D00C35E78 /* Build configuration list for PBXNativeTarget "ConnectITIOS" */ = {
			isa = XCConfigurationList;
			buildConfigurations = (
				9DD24F852023853D00C35E78 /* Debug */,
				9DD24F862023853D00C35E78 /* Release */,
			);
			defaultConfigurationIsVisible = 0;
			defaultConfigurationName = Release;
		};
/* End XCConfigurationList section */
	};
	rootObject = 9DD24F642023853D00C35E78 /* Project object */;
}
